[[package]]
name = "config_exchanger"
version = "0.1.0"
dependencies = [
 "xmlparser 0.6.0 (registry+https://github.com/rust-lang/crates.io-index)",
]

[[package]]
name = "xmlparser"
version = "0.6.0"
source = "registry+https://github.com/rust-lang/crates.io-index"

[metadata]
"checksum xmlparser 0.6.0 (registry+https://github.com/rust-lang/crates.io-index)" = "0cf35af155392c217573902f4c5847f752b178684e2f53b9ec5ec0e8e65e80af"
